
Microsoft Visual Studio Solution File, Format Version 12.00
# Visual Studio Version 17
VisualStudioVersion = 17.4.33205.214
MinimumVisualStudioVersion = 10.0.40219.1
Project("{FAE04EC0-301F-11D3-BF4B-00C04F79EFBC}") = "YouTube-Downloader", "YouTube-Downloader.csproj", "{EC27D512-7DA2-478A-A5B5-A567D5C21F76}"
EndProject
Global
	GlobalSection(SolutionConfigurationPlatforms) = preSolution
		Debug|Any CPU = Debug|Any CPU
		Release|Any CPU = Release|Any CPU
	EndGlobalSection
	GlobalSection(ProjectConfigurationPlatforms) = postSolution
		{EC27D512-7DA2-478A-A5B5-A567D5C21F76}.Debug|Any CPU.ActiveCfg = Debug|Any CPU
		{EC27D512-7DA2-478A-A5B5-A567D5C21F76}.Debug|Any CPU.Build.0 = Debug|Any CPU
		{EC27D512-7DA2-478A-A5B5-A567D5C21F76}.Release|Any CPU.ActiveCfg = Release|Any CPU
		{EC27D512-7DA2-478A-A5B5-A567D5C21F76}.Release|Any CPU.Build.0 = Release|Any CPU
	EndGlobalSection
	GlobalSection(SolutionProperties) = preSolution
		HideSolutionNode = FALSE
	EndGlobalSection
	GlobalSection(ExtensibilityGlobals) = postSolution
		SolutionGuid = {EA22CD63-3C9D-48BD-8103-AB710C9C25CD}
	EndGlobalSection
EndGlobal
